
Microsoft Visual Studio Solution File, Format Version 12.00
# Visual Studio Version 17
VisualStudioVersion = 17.7.34024.191
MinimumVisualStudioVersion = 10.0.40219.1
Project("{8BC9CEB8-8B4A-11D0-8D11-00A0C91BC942}") = "esAVL", "esAVL.vcxproj", "{EEAEB8F2-7C0D-4F01-A8FB-ADA64378418C}"
EndProject
Project("{2150E333-8FDC-42A3-9474-1A3956D46DE8}") = "Solution Items", "Solution Items", "{5805C5CE-10B4-453D-B96F-55E213615CED}"
	ProjectSection(SolutionItems) = preProject
		bintree.h = bintree.h
	EndProjectSection
EndProject
Global
	GlobalSection(SolutionConfigurationPlatforms) = preSolution
		Debug|x64 = Debug|x64
		Debug|x86 = Debug|x86
		Release|x64 = Release|x64
		Release|x86 = Release|x86
	EndGlobalSection
	GlobalSection(ProjectConfigurationPlatforms) = postSolution
		{EEAEB8F2-7C0D-4F01-A8FB-ADA64378418C}.Debug|x64.ActiveCfg = Debug|x64
		{EEAEB8F2-7C0D-4F01-A8FB-ADA64378418C}.Debug|x64.Build.0 = Debug|x64
		{EEAEB8F2-7C0D-4F01-A8FB-ADA64378418C}.Debug|x86.ActiveCfg = Debug|Win32
		{EEAEB8F2-7C0D-4F01-A8FB-ADA64378418C}.Debug|x86.Build.0 = Debug|Win32
		{EEAEB8F2-7C0D-4F01-A8FB-ADA64378418C}.Release|x64.ActiveCfg = Release|x64
		{EEAEB8F2-7C0D-4F01-A8FB-ADA64378418C}.Release|x64.Build.0 = Release|x64
		{EEAEB8F2-7C0D-4F01-A8FB-ADA64378418C}.Release|x86.ActiveCfg = Release|Win32
		{EEAEB8F2-7C0D-4F01-A8FB-ADA64378418C}.Release|x86.Build.0 = Release|Win32
	EndGlobalSection
	GlobalSection(SolutionProperties) = preSolution
		HideSolutionNode = FALSE
	EndGlobalSection
	GlobalSection(ExtensibilityGlobals) = postSolution
		SolutionGuid = {44780F31-B6E2-49CE-A324-221C961C4D4F}
	EndGlobalSection
EndGlobal
