
Microsoft Visual Studio Solution File, Format Version 12.00
# Visual Studio Version 17
VisualStudioVersion = 17.7.34024.191
MinimumVisualStudioVersion = 10.0.40219.1
Project("{8BC9CEB8-8B4A-11D0-8D11-00A0C91BC942}") = "Amiguis", "Amiguis.vcxproj", "{23FE253C-04A4-422A-982A-F7879A16BEEA}"
EndProject
Global
	GlobalSection(SolutionConfigurationPlatforms) = preSolution
		Debug|x64 = Debug|x64
		Debug|x86 = Debug|x86
		Release|x64 = Release|x64
		Release|x86 = Release|x86
	EndGlobalSection
	GlobalSection(ProjectConfigurationPlatforms) = postSolution
		{23FE253C-04A4-422A-982A-F7879A16BEEA}.Debug|x64.ActiveCfg = Debug|x64
		{23FE253C-04A4-422A-982A-F7879A16BEEA}.Debug|x64.Build.0 = Debug|x64
		{23FE253C-04A4-422A-982A-F7879A16BEEA}.Debug|x86.ActiveCfg = Debug|Win32
		{23FE253C-04A4-422A-982A-F7879A16BEEA}.Debug|x86.Build.0 = Debug|Win32
		{23FE253C-04A4-422A-982A-F7879A16BEEA}.Release|x64.ActiveCfg = Release|x64
		{23FE253C-04A4-422A-982A-F7879A16BEEA}.Release|x64.Build.0 = Release|x64
		{23FE253C-04A4-422A-982A-F7879A16BEEA}.Release|x86.ActiveCfg = Release|Win32
		{23FE253C-04A4-422A-982A-F7879A16BEEA}.Release|x86.Build.0 = Release|Win32
	EndGlobalSection
	GlobalSection(SolutionProperties) = preSolution
		HideSolutionNode = FALSE
	EndGlobalSection
	GlobalSection(ExtensibilityGlobals) = postSolution
		SolutionGuid = {B074686A-4AD2-49A9-AFE1-B168C626EAA8}
	EndGlobalSection
EndGlobal
